
Microsoft Visual Studio Solution File, Format Version 12.00
# Visual Studio Version 16
VisualStudioVersion = 16.0.31729.503
MinimumVisualStudioVersion = 10.0.40219.1
Project("{FAE04EC0-301F-11D3-BF4B-00C04F79EFBC}") = "degisken", "degisken\degisken.csproj", "{CBE89347-FA42-4F82-B332-198A30E929D9}"
EndProject
Global
	GlobalSection(SolutionConfigurationPlatforms) = preSolution
		Debug|Any CPU = Debug|Any CPU
		Release|Any CPU = Release|Any CPU
	EndGlobalSection
	GlobalSection(ProjectConfigurationPlatforms) = postSolution
		{CBE89347-FA42-4F82-B332-198A30E929D9}.Debug|Any CPU.ActiveCfg = Debug|Any CPU
		{CBE89347-FA42-4F82-B332-198A30E929D9}.Debug|Any CPU.Build.0 = Debug|Any CPU
		{CBE89347-FA42-4F82-B332-198A30E929D9}.Release|Any CPU.ActiveCfg = Release|Any CPU
		{CBE89347-FA42-4F82-B332-198A30E929D9}.Release|Any CPU.Build.0 = Release|Any CPU
	EndGlobalSection
	GlobalSection(SolutionProperties) = preSolution
		HideSolutionNode = FALSE
	EndGlobalSection
	GlobalSection(ExtensibilityGlobals) = postSolution
		SolutionGuid = {CDD399C1-F0F8-42A7-A42F-762F5A9E49A3}
	EndGlobalSection
EndGlobal
